{
  "originHash" : "393f782ff683d687993d23c33728c8237e217b2714c2a4ac3455e69594d658e3",
  "pins" : [
    {
      "identity" : "swift-argument-parser",
      "kind" : "remoteSourceControl",
      "location" : "https://github.com/apple/swift-argument-parser",
      "state" : {
        "revision" : "6a52f3251125d74daf04fcbd5e6f08a75d074382",
        "version" : "1.8.2"
      }
    },
    {
      "identity" : "swiftterm",
      "kind" : "remoteSourceControl",
      "location" : "https://github.com/migueldeicaza/SwiftTerm",
      "state" : {
        "revision" : "94b63560c55e80876f32cb3ceeeba369b474bb2c"
      }
    }
  ],
  "version" : 3
}
